PODS:
  - URLMock/SubclassResponsibility (1.2.3):
    - URLMock/TestHelpers
  - URLMock/TestHelpers (1.2.3)

DEPENDENCIES:
  - URLMock/SubclassResponsibility (from `~/Developer/URLMock`)

EXTERNAL SOURCES:
  URLMock:
    :path: ~/Developer/URLMock

SPEC CHECKSUMS:
  URLMock: 800b8bd5dc958c0869a21e0f4bc6942882932b66

COCOAPODS: 0.35.0
